
Microsoft Visual Studio Solution File, Format Version 12.00
# Visual Studio Version 17
VisualStudioVersion = 17.6.33723.286
MinimumVisualStudioVersion = 10.0.40219.1
Project("{FAE04EC0-301F-11D3-BF4B-00C04F79EFBC}") = "Protein Mağazası", "Protein Mağazası\Protein Mağazası.csproj", "{C1E80992-8935-4A8C-A318-5C67DDB59946}"
EndProject
Global
	GlobalSection(SolutionConfigurationPlatforms) = preSolution
		Debug|Any CPU = Debug|Any CPU
		Release|Any CPU = Release|Any CPU
	EndGlobalSection
	GlobalSection(ProjectConfigurationPlatforms) = postSolution
		{C1E80992-8935-4A8C-A318-5C67DDB59946}.Debug|Any CPU.ActiveCfg = Debug|Any CPU
		{C1E80992-8935-4A8C-A318-5C67DDB59946}.Debug|Any CPU.Build.0 = Debug|Any CPU
		{C1E80992-8935-4A8C-A318-5C67DDB59946}.Release|Any CPU.ActiveCfg = Release|Any CPU
		{C1E80992-8935-4A8C-A318-5C67DDB59946}.Release|Any CPU.Build.0 = Release|Any CPU
	EndGlobalSection
	GlobalSection(SolutionProperties) = preSolution
		HideSolutionNode = FALSE
	EndGlobalSection
	GlobalSection(ExtensibilityGlobals) = postSolution
		SolutionGuid = {65A0E844-E850-4D72-AB31-AE501BBA3502}
	EndGlobalSection
EndGlobal
